PODS:
  - Capacitor (7.4.2):
    - CapacitorCordova
  - CapacitorCordova (7.4.2)
  - StrataStorage (2.0.1):
    - Capacitor

DEPENDENCIES:
  - "Capacitor (from `../../node_modules/@capacitor/ios`)"
  - "CapacitorCordova (from `../../node_modules/@capacitor/ios`)"
  - StrataStorage (from `../../node_modules/strata-storage`)

EXTERNAL SOURCES:
  Capacitor:
    :path: "../../node_modules/@capacitor/ios"
  CapacitorCordova:
    :path: "../../node_modules/@capacitor/ios"
  StrataStorage:
    :path: "../../node_modules/strata-storage"

SPEC CHECKSUMS:
  Capacitor: 156d98aba46ec01dde72c4bbb92fa626837cad29
  CapacitorCordova: 5e58d04631bc5094894ac106e2bf1da18a9e6151
  StrataStorage: 84ff5a76b25e34288eea75cd97266e5af7db026a

PODFILE CHECKSUM: 2c31f2f18b7ef94103c80052208d3cb50f6b3d25

COCOAPODS: 1.16.2
